
Microsoft Visual Studio Solution File, Format Version 12.00
# Visual Studio Version 17
VisualStudioVersion = 17.11.35312.102
MinimumVisualStudioVersion = 10.0.40219.1
Project("{FAE04EC0-301F-11D3-BF4B-00C04F79EFBC}") = "DZ_Lesson_18_Lambda_Closures", "DZ_Lesson_18_Lambda_Closures\DZ_Lesson_18_Lambda_Closures.csproj", "{5F157B4C-3345-4E6B-8466-4A426C4691FB}"
EndProject
Global
	GlobalSection(SolutionConfigurationPlatforms) = preSolution
		Debug|Any CPU = Debug|Any CPU
		Release|Any CPU = Release|Any CPU
	EndGlobalSection
	GlobalSection(ProjectConfigurationPlatforms) = postSolution
		{5F157B4C-3345-4E6B-8466-4A426C4691FB}.Debug|Any CPU.ActiveCfg = Debug|Any CPU
		{5F157B4C-3345-4E6B-8466-4A426C4691FB}.Debug|Any CPU.Build.0 = Debug|Any CPU
		{5F157B4C-3345-4E6B-8466-4A426C4691FB}.Release|Any CPU.ActiveCfg = Release|Any CPU
		{5F157B4C-3345-4E6B-8466-4A426C4691FB}.Release|Any CPU.Build.0 = Release|Any CPU
	EndGlobalSection
	GlobalSection(SolutionProperties) = preSolution
		HideSolutionNode = FALSE
	EndGlobalSection
	GlobalSection(ExtensibilityGlobals) = postSolution
		SolutionGuid = {2192E25D-2EEA-4717-B8CE-1F69CDA32172}
	EndGlobalSection
EndGlobal
